// !$*UTF8*$!
{
	archiveVersion = 1;
	classes = {
	};
	objectVersion = 56;
	objects = {

/* Begin PBXBuildFile section */
		AA75B7AE28F049ED00F8EC99 /* SSNetworking.docc in Sources */ = {isa = PBXBuildFile; fileRef = AA75B7AD28F049ED00F8EC99 /* SSNetworking.docc */; };
		AA75B7B428F049ED00F8EC99 /* SSNetworking.framework in Frameworks */ = {isa = PBXBuildFile; fileRef = AA75B7A928F049ED00F8EC99 /* SSNetworking.framework */; };
		AA75B7B928F049ED00F8EC99 /* SSNetworkingTests.swift in Sources */ = {isa = PBXBuildFile; fileRef = AA75B7B828F049ED00F8EC99 /* SSNetworkingTests.swift */; };
		AA75B7BA28F049ED00F8EC99 /* SSNetworking.h in Headers */ = {isa = PBXBuildFile; fileRef = AA75B7AC28F049ED00F8EC99 /* SSNetworking.h */; settings = {ATTRIBUTES = (Public, ); }; };
		AA75B7E028F04F0B00F8EC99 /* APIRequestProtocol.swift in Sources */ = {isa = PBXBuildFile; fileRef = AA75B7D828F04F0B00F8EC99 /* APIRequestProtocol.swift */; };
		AA75B7E128F04F0B00F8EC99 /* BaseAPIClienServices.swift in Sources */ = {isa = PBXBuildFile; fileRef = AA75B7D928F04F0B00F8EC99 /* BaseAPIClienServices.swift */; };
		AA75B7E228F04F0B00F8EC99 /* BaseRequestBuilder.swift in Sources */ = {isa = PBXBuildFile; fileRef = AA75B7DA28F04F0B00F8EC99 /* BaseRequestBuilder.swift */; };
		AA75B7E328F04F0B00F8EC99 /* BaseNetworkManager.swift in Sources */ = {isa = PBXBuildFile; fileRef = AA75B7DB28F04F0B00F8EC99 /* BaseNetworkManager.swift */; };
		AA75B7E428F04F0B00F8EC99 /* README.md in Resources */ = {isa = PBXBuildFile; fileRef = AA75B7DC28F04F0B00F8EC99 /* README.md */; };
		AA75B7E528F04F0B00F8EC99 /* FetchOperation.swift in Sources */ = {isa = PBXBuildFile; fileRef = AA75B7DD28F04F0B00F8EC99 /* FetchOperation.swift */; };
		AA75B7E628F04F0B00F8EC99 /* NLProtocols.swift in Sources */ = {isa = PBXBuildFile; fileRef = AA75B7DE28F04F0B00F8EC99 /* NLProtocols.swift */; };
		AA75B7E728F04F0B00F8EC99 /* NetworkError.swift in Sources */ = {isa = PBXBuildFile; fileRef = AA75B7DF28F04F0B00F8EC99 /* NetworkError.swift */; };
		AA75B80128F1D23400F8EC99 /* TestBaseRequestBuilder.swift in Sources */ = {isa = PBXBuildFile; fileRef = AA75B80028F1D23400F8EC99 /* TestBaseRequestBuilder.swift */; };
		AAC00CCA28F2924D0035C72F /* TestFetchOperation.swift in Sources */ = {isa = PBXBuildFile; fileRef = AAC00CC928F2924D0035C72F /* TestFetchOperation.swift */; };
/* End PBXBuildFile section */

/* Begin PBXContainerItemProxy section */
		AA75B7B528F049ED00F8EC99 /* PBXContainerItemProxy */ = {
			isa = PBXContainerItemProxy;
			containerPortal = AA75B7A028F049ED00F8EC99 /* Project object */;
			proxyType = 1;
			remoteGlobalIDString = AA75B7A828F049ED00F8EC99;
			remoteInfo = SSNetworking;
		};
/* End PBXContainerItemProxy section */

/* Begin PBXFileReference section */
		AA75B7A928F049ED00F8EC99 /* SSNetworking.framework */ = {isa = PBXFileReference; explicitFileType = wrapper.framework; includeInIndex = 0; path = SSNetworking.framework; sourceTree = BUILT_PRODUCTS_DIR; };
		AA75B7AC28F049ED00F8EC99 /* SSNetworking.h */ = {isa = PBXFileReference; lastKnownFileType = sourcecode.c.h; path = SSNetworking.h; sourceTree = "<group>"; };
		AA75B7AD28F049ED00F8EC99 /* SSNetworking.docc */ = {isa = PBXFileReference; lastKnownFileType = folder.documentationcatalog; path = SSNetworking.docc; sourceTree = "<group>"; };
		AA75B7B328F049ED00F8EC99 /* SSNetworkingTests.xctest */ = {isa = PBXFileReference; explicitFileType = wrapper.cfbundle; includeInIndex = 0; path = SSNetworkingTests.xctest; sourceTree = BUILT_PRODUCTS_DIR; };
		AA75B7B828F049ED00F8EC99 /* SSNetworkingTests.swift */ = {isa = PBXFileReference; lastKnownFileType = sourcecode.swift; path = SSNetworkingTests.swift; sourceTree = "<group>"; };
		AA75B7D828F04F0B00F8EC99 /* APIRequestProtocol.swift */ = {isa = PBXFileReference; fileEncoding = 4; lastKnownFileType = sourcecode.swift; path = APIRequestProtocol.swift; sourceTree = "<group>"; };
		AA75B7D928F04F0B00F8EC99 /* BaseAPIClienServices.swift */ = {isa = PBXFileReference; fileEncoding = 4; lastKnownFileType = sourcecode.swift; path = BaseAPIClienServices.swift; sourceTree = "<group>"; };
		AA75B7DA28F04F0B00F8EC99 /* BaseRequestBuilder.swift */ = {isa = PBXFileReference; fileEncoding = 4; lastKnownFileType = sourcecode.swift; path = BaseRequestBuilder.swift; sourceTree = "<group>"; };
		AA75B7DB28F04F0B00F8EC99 /* BaseNetworkManager.swift */ = {isa = PBXFileReference; fileEncoding = 4; lastKnownFileType = sourcecode.swift; path = BaseNetworkManager.swift; sourceTree = "<group>"; };
		AA75B7DC28F04F0B00F8EC99 /* README.md */ = {isa = PBXFileReference; fileEncoding = 4; lastKnownFileType = net.daringfireball.markdown; path = README.md; sourceTree = "<group>"; };
		AA75B7DD28F04F0B00F8EC99 /* FetchOperation.swift */ = {isa = PBXFileReference; fileEncoding = 4; lastKnownFileType = sourcecode.swift; path = FetchOperation.swift; sourceTree = "<group>"; };
		AA75B7DE28F04F0B00F8EC99 /* NLProtocols.swift */ = {isa = PBXFileReference; fileEncoding = 4; lastKnownFileType = sourcecode.swift; path = NLProtocols.swift; sourceTree = "<group>"; };
		AA75B7DF28F04F0B00F8EC99 /* NetworkError.swift */ = {isa = PBXFileReference; fileEncoding = 4; lastKnownFileType = sourcecode.swift; path = NetworkError.swift; sourceTree = "<group>"; };
		AA75B80028F1D23400F8EC99 /* TestBaseRequestBuilder.swift */ = {isa = PBXFileReference; lastKnownFileType = sourcecode.swift; path = TestBaseRequestBuilder.swift; sourceTree = "<group>"; };
		AAC00CC928F2924D0035C72F /* TestFetchOperation.swift */ = {isa = PBXFileReference; lastKnownFileType = sourcecode.swift; path = TestFetchOperation.swift; sourceTree = "<group>"; };
/* End PBXFileReference section */

/* Begin PBXFrameworksBuildPhase section */
		AA75B7A628F049ED00F8EC99 /* Frameworks */ = {
			isa = PBXFrameworksBuildPhase;
			buildActionMask = 2147483647;
			files = (
			);
			runOnlyForDeploymentPostprocessing = 0;
		};
		AA75B7B028F049ED00F8EC99 /* Frameworks */ = {
			isa = PBXFrameworksBuildPhase;
			buildActionMask = 2147483647;
			files = (
				AA75B7B428F049ED00F8EC99 /* SSNetworking.framework in Frameworks */,
			);
			runOnlyForDeploymentPostprocessing = 0;
		};
/* End PBXFrameworksBuildPhase section */

/* Begin PBXGroup section */
		AA75B79F28F049ED00F8EC99 = {
			isa = PBXGroup;
			children = (
				AA75B7AB28F049ED00F8EC99 /* SSNetworking */,
				AA75B7B728F049ED00F8EC99 /* SSNetworkingTests */,
				AA75B7AA28F049ED00F8EC99 /* Products */,
			);
			sourceTree = "<group>";
		};
		AA75B7AA28F049ED00F8EC99 /* Products */ = {
			isa = PBXGroup;
			children = (
				AA75B7A928F049ED00F8EC99 /* SSNetworking.framework */,
				AA75B7B328F049ED00F8EC99 /* SSNetworkingTests.xctest */,
			);
			name = Products;
			sourceTree = "<group>";
		};
		AA75B7AB28F049ED00F8EC99 /* SSNetworking */ = {
			isa = PBXGroup;
			children = (
				AA75B7AC28F049ED00F8EC99 /* SSNetworking.h */,
				AA75B7D728F04F0B00F8EC99 /* NetworkLayer */,
				AA75B7AD28F049ED00F8EC99 /* SSNetworking.docc */,
			);
			path = SSNetworking;
			sourceTree = "<group>";
		};
		AA75B7B728F049ED00F8EC99 /* SSNetworkingTests */ = {
			isa = PBXGroup;
			children = (
				AA75B7B828F049ED00F8EC99 /* SSNetworkingTests.swift */,
				AA75B80028F1D23400F8EC99 /* TestBaseRequestBuilder.swift */,
				AAC00CC928F2924D0035C72F /* TestFetchOperation.swift */,
			);
			path = SSNetworkingTests;
			sourceTree = "<group>";
		};
		AA75B7D728F04F0B00F8EC99 /* NetworkLayer */ = {
			isa = PBXGroup;
			children = (
				AA75B7D828F04F0B00F8EC99 /* APIRequestProtocol.swift */,
				AA75B7D928F04F0B00F8EC99 /* BaseAPIClienServices.swift */,
				AA75B7DA28F04F0B00F8EC99 /* BaseRequestBuilder.swift */,
				AA75B7DB28F04F0B00F8EC99 /* BaseNetworkManager.swift */,
				AA75B7DC28F04F0B00F8EC99 /* README.md */,
				AA75B7DD28F04F0B00F8EC99 /* FetchOperation.swift */,
				AA75B7DE28F04F0B00F8EC99 /* NLProtocols.swift */,
				AA75B7DF28F04F0B00F8EC99 /* NetworkError.swift */,
			);
			path = NetworkLayer;
			sourceTree = "<group>";
		};
/* End PBXGroup section */

/* Begin PBXHeadersBuildPhase section */
		AA75B7A428F049ED00F8EC99 /* Headers */ = {
			isa = PBXHeadersBuildPhase;
			buildActionMask = 2147483647;
			files = (
				AA75B7BA28F049ED00F8EC99 /* SSNetworking.h in Headers */,
			);
			runOnlyForDeploymentPostprocessing = 0;
		};
/* End PBXHeadersBuildPhase section */

/* Begin PBXNativeTarget section */
		AA75B7A828F049ED00F8EC99 /* SSNetworking */ = {
			isa = PBXNativeTarget;
			buildConfigurationList = AA75B7BD28F049ED00F8EC99 /* Build configuration list for PBXNativeTarget "SSNetworking" */;
			buildPhases = (
				AA75B7A428F049ED00F8EC99 /* Headers */,
				AA75B7A528F049ED00F8EC99 /* Sources */,
				AA75B7A628F049ED00F8EC99 /* Frameworks */,
				AA75B7A728F049ED00F8EC99 /* Resources */,
			);
			buildRules = (
			);
			dependencies = (
			);
			name = SSNetworking;
			productName = SSNetworking;
			productReference = AA75B7A928F049ED00F8EC99 /* SSNetworking.framework */;
			productType = "com.apple.product-type.framework";
		};
		AA75B7B228F049ED00F8EC99 /* SSNetworkingTests */ = {
			isa = PBXNativeTarget;
			buildConfigurationList = AA75B7C028F049ED00F8EC99 /* Build configuration list for PBXNativeTarget "SSNetworkingTests" */;
			buildPhases = (
				AA75B7AF28F049ED00F8EC99 /* Sources */,
				AA75B7B028F049ED00F8EC99 /* Frameworks */,
				AA75B7B128F049ED00F8EC99 /* Resources */,
			);
			buildRules = (
			);
			dependencies = (
				AA75B7B628F049ED00F8EC99 /* PBXTargetDependency */,
			);
			name = SSNetworkingTests;
			productName = SSNetworkingTests;
			productReference = AA75B7B328F049ED00F8EC99 /* SSNetworkingTests.xctest */;
			productType = "com.apple.product-type.bundle.unit-test";
		};
/* End PBXNativeTarget section */

/* Begin PBXProject section */
		AA75B7A028F049ED00F8EC99 /* Project object */ = {
			isa = PBXProject;
			attributes = {
				BuildIndependentTargetsInParallel = 1;
				LastSwiftUpdateCheck = 1400;
				LastUpgradeCheck = 1400;
				TargetAttributes = {
					AA75B7A828F049ED00F8EC99 = {
						CreatedOnToolsVersion = 14.0;
					};
					AA75B7B228F049ED00F8EC99 = {
						CreatedOnToolsVersion = 14.0;
					};
				};
			};
			buildConfigurationList = AA75B7A328F049ED00F8EC99 /* Build configuration list for PBXProject "SSNetworking" */;
			compatibilityVersion = "Xcode 14.0";
			developmentRegion = en;
			hasScannedForEncodings = 0;
			knownRegions = (
				en,
				Base,
			);
			mainGroup = AA75B79F28F049ED00F8EC99;
			productRefGroup = AA75B7AA28F049ED00F8EC99 /* Products */;
			projectDirPath = "";
			projectRoot = "";
			targets = (
				AA75B7A828F049ED00F8EC99 /* SSNetworking */,
				AA75B7B228F049ED00F8EC99 /* SSNetworkingTests */,
			);
		};
/* End PBXProject section */

/* Begin PBXResourcesBuildPhase section */
		AA75B7A728F049ED00F8EC99 /* Resources */ = {
			isa = PBXResourcesBuildPhase;
			buildActionMask = 2147483647;
			files = (
				AA75B7E428F04F0B00F8EC99 /* README.md in Resources */,
			);
			runOnlyForDeploymentPostprocessing = 0;
		};
		AA75B7B128F049ED00F8EC99 /* Resources */ = {
			isa = PBXResourcesBuildPhase;
			buildActionMask = 2147483647;
			files = (
			);
			runOnlyForDeploymentPostprocessing = 0;
		};
/* End PBXResourcesBuildPhase section */

/* Begin PBXSourcesBuildPhase section */
		AA75B7A528F049ED00F8EC99 /* Sources */ = {
			isa = PBXSourcesBuildPhase;
			buildActionMask = 2147483647;
			files = (
				AA75B7E528F04F0B00F8EC99 /* FetchOperation.swift in Sources */,
				AA75B7E728F04F0B00F8EC99 /* NetworkError.swift in Sources */,
				AA75B7E028F04F0B00F8EC99 /* APIRequestProtocol.swift in Sources */,
				AA75B7E128F04F0B00F8EC99 /* BaseAPIClienServices.swift in Sources */,
				AA75B7E228F04F0B00F8EC99 /* BaseRequestBuilder.swift in Sources */,
				AA75B7E628F04F0B00F8EC99 /* NLProtocols.swift in Sources */,
				AA75B7E328F04F0B00F8EC99 /* BaseNetworkManager.swift in Sources */,
				AA75B7AE28F049ED00F8EC99 /* SSNetworking.docc in Sources */,
			);
			runOnlyForDeploymentPostprocessing = 0;
		};
		AA75B7AF28F049ED00F8EC99 /* Sources */ = {
			isa = PBXSourcesBuildPhase;
			buildActionMask = 2147483647;
			files = (
				AA75B80128F1D23400F8EC99 /* TestBaseRequestBuilder.swift in Sources */,
				AA75B7B928F049ED00F8EC99 /* SSNetworkingTests.swift in Sources */,
				AAC00CCA28F2924D0035C72F /* TestFetchOperation.swift in Sources */,
			);
			runOnlyForDeploymentPostprocessing = 0;
		};
/* End PBXSourcesBuildPhase section */

/* Begin PBXTargetDependency section */
		AA75B7B628F049ED00F8EC99 /* PBXTargetDependency */ = {
			isa = PBXTargetDependency;
			target = AA75B7A828F049ED00F8EC99 /* SSNetworking */;
			targetProxy = AA75B7B528F049ED00F8EC99 /* PBXContainerItemProxy */;
		};
/* End PBXTargetDependency section */

/* Begin XCBuildConfiguration section */
		AA75B7BB28F049ED00F8EC99 /* Debug */ = {
			isa = XCBuildConfiguration;
			buildSettings = {
				ALWAYS_SEARCH_USER_PATHS = NO;
				CLANG_ANALYZER_NONNULL = YES;
				CLANG_ANALYZER_NUMBER_OBJECT_CONVERSION = YES_AGGRESSIVE;
				CLANG_CXX_LANGUAGE_STANDARD = "gnu++20";
				CLANG_ENABLE_MODULES = YES;
				CLANG_ENABLE_OBJC_ARC = YES;
				CLANG_ENABLE_OBJC_WEAK = YES;
				CLANG_WARN_BLOCK_CAPTURE_AUTORELEASING = YES;
				CLANG_WARN_BOOL_CONVERSION = YES;
				CLANG_WARN_COMMA = YES;
				CLANG_WARN_CONSTANT_CONVERSION = YES;
				CLANG_WARN_DEPRECATED_OBJC_IMPLEMENTATIONS = YES;
				CLANG_WARN_DIRECT_OBJC_ISA_USAGE = YES_ERROR;
				CLANG_WARN_DOCUMENTATION_COMMENTS = YES;
				CLANG_WARN_EMPTY_BODY = YES;
				CLANG_WARN_ENUM_CONVERSION = YES;
				CLANG_WARN_INFINITE_RECURSION = YES;
				CLANG_WARN_INT_CONVERSION = YES;
				CLANG_WARN_NON_LITERAL_NULL_CONVERSION = YES;
				CLANG_WARN_OBJC_IMPLICIT_RETAIN_SELF = YES;
				CLANG_WARN_OBJC_LITERAL_CONVERSION = YES;
				CLANG_WARN_OBJC_ROOT_CLASS = YES_ERROR;
				CLANG_WARN_QUOTED_INCLUDE_IN_FRAMEWORK_HEADER = YES;
				CLANG_WARN_RANGE_LOOP_ANALYSIS = YES;
				CLANG_WARN_STRICT_PROTOTYPES = YES;
				CLANG_WARN_SUSPICIOUS_MOVE = YES;
				CLANG_WARN_UNGUARDED_AVAILABILITY = YES_AGGRESSIVE;
				CLANG_WARN_UNREACHABLE_CODE = YES;
				CLANG_WARN__DUPLICATE_METHOD_MATCH = YES;
				COPY_PHASE_STRIP = NO;
				CURRENT_PROJECT_VERSION = 1;
				DEBUG_INFORMATION_FORMAT = dwarf;
				ENABLE_STRICT_OBJC_MSGSEND = YES;
				ENABLE_TESTABILITY = YES;
				GCC_C_LANGUAGE_STANDARD = gnu11;
				GCC_DYNAMIC_NO_PIC = NO;
				GCC_NO_COMMON_BLOCKS = YES;
				GCC_OPTIMIZATION_LEVEL = 0;
				GCC_PREPROCESSOR_DEFINITIONS = (
					"DEBUG=1",
					"$(inherited)",
				);
				GCC_WARN_64_TO_32_BIT_CONVERSION = YES;
				GCC_WARN_ABOUT_RETURN_TYPE = YES_ERROR;
				GCC_WARN_UNDECLARED_SELECTOR = YES;
				GCC_WARN_UNINITIALIZED_AUTOS = YES_AGGRESSIVE;
				GCC_WARN_UNUSED_FUNCTION = YES;
				GCC_WARN_UNUSED_VARIABLE = YES;
				IPHONEOS_DEPLOYMENT_TARGET = 16.0;
				MTL_ENABLE_DEBUG_INFO = INCLUDE_SOURCE;
				MTL_FAST_MATH = YES;
				ONLY_ACTIVE_ARCH = YES;
				SDKROOT = iphoneos;
				SWIFT_ACTIVE_COMPILATION_CONDITIONS = DEBUG;
				SWIFT_OPTIMIZATION_LEVEL = "-Onone";
				VERSIONING_SYSTEM = "apple-generic";
				VERSION_INFO_PREFIX = "";
			};
			name = Debug;
		};
		AA75B7BC28F049ED00F8EC99 /* Release */ = {
			isa = XCBuildConfiguration;
			buildSettings = {
				ALWAYS_SEARCH_USER_PATHS = NO;
				CLANG_ANALYZER_NONNULL = YES;
				CLANG_ANALYZER_NUMBER_OBJECT_CONVERSION = YES_AGGRESSIVE;
				CLANG_CXX_LANGUAGE_STANDARD = "gnu++20";
				CLANG_ENABLE_MODULES = YES;
				CLANG_ENABLE_OBJC_ARC = YES;
				CLANG_ENABLE_OBJC_WEAK = YES;
				CLANG_WARN_BLOCK_CAPTURE_AUTORELEASING = YES;
				CLANG_WARN_BOOL_CONVERSION = YES;
				CLANG_WARN_COMMA = YES;
				CLANG_WARN_CONSTANT_CONVERSION = YES;
				CLANG_WARN_DEPRECATED_OBJC_IMPLEMENTATIONS = YES;
				CLANG_WARN_DIRECT_OBJC_ISA_USAGE = YES_ERROR;
				CLANG_WARN_DOCUMENTATION_COMMENTS = YES;
				CLANG_WARN_EMPTY_BODY = YES;
				CLANG_WARN_ENUM_CONVERSION = YES;
				CLANG_WARN_INFINITE_RECURSION = YES;
				CLANG_WARN_INT_CONVERSION = YES;
				CLANG_WARN_NON_LITERAL_NULL_CONVERSION = YES;
				CLANG_WARN_OBJC_IMPLICIT_RETAIN_SELF = YES;
				CLANG_WARN_OBJC_LITERAL_CONVERSION = YES;
				CLANG_WARN_OBJC_ROOT_CLASS = YES_ERROR;
				CLANG_WARN_QUOTED_INCLUDE_IN_FRAMEWORK_HEADER = YES;
				CLANG_WARN_RANGE_LOOP_ANALYSIS = YES;
				CLANG_WARN_STRICT_PROTOTYPES = YES;
				CLANG_WARN_SUSPICIOUS_MOVE = YES;
				CLANG_WARN_UNGUARDED_AVAILABILITY = YES_AGGRESSIVE;
				CLANG_WARN_UNREACHABLE_CODE = YES;
				CLANG_WARN__DUPLICATE_METHOD_MATCH = YES;
				COPY_PHASE_STRIP = NO;
				CURRENT_PROJECT_VERSION = 1;
				DEBUG_INFORMATION_FORMAT = "dwarf-with-dsym";
				ENABLE_NS_ASSERTIONS = NO;
				ENABLE_STRICT_OBJC_MSGSEND = YES;
				GCC_C_LANGUAGE_STANDARD = gnu11;
				GCC_NO_COMMON_BLOCKS = YES;
				GCC_WARN_64_TO_32_BIT_CONVERSION = YES;
				GCC_WARN_ABOUT_RETURN_TYPE = YES_ERROR;
				GCC_WARN_UNDECLARED_SELECTOR = YES;
				GCC_WARN_UNINITIALIZED_AUTOS = YES_AGGRESSIVE;
				GCC_WARN_UNUSED_FUNCTION = YES;
				GCC_WARN_UNUSED_VARIABLE = YES;
				IPHONEOS_DEPLOYMENT_TARGET = 16.0;
				MTL_ENABLE_DEBUG_INFO = NO;
				MTL_FAST_MATH = YES;
				SDKROOT = iphoneos;
				SWIFT_COMPILATION_MODE = wholemodule;
				SWIFT_OPTIMIZATION_LEVEL = "-O";
				VALIDATE_PRODUCT = YES;
				VERSIONING_SYSTEM = "apple-generic";
				VERSION_INFO_PREFIX = "";
			};
			name = Release;
		};
		AA75B7BE28F049ED00F8EC99 /* Debug */ = {
			isa = XCBuildConfiguration;
			buildSettings = {
				BUILD_LIBRARY_FOR_DISTRIBUTION = YES;
				CODE_SIGN_STYLE = Automatic;
				CURRENT_PROJECT_VERSION = 1;
				DEFINES_MODULE = YES;
				DEVELOPMENT_TEAM = 5QZWC6UK5D;
				DYLIB_COMPATIBILITY_VERSION = 1;
				DYLIB_CURRENT_VERSION = 1;
				DYLIB_INSTALL_NAME_BASE = "@rpath";
				GENERATE_INFOPLIST_FILE = YES;
				INFOPLIST_KEY_NSHumanReadableCopyright = "";
				INSTALL_PATH = "$(LOCAL_LIBRARY_DIR)/Frameworks";
				LD_RUNPATH_SEARCH_PATHS = (
					"$(inherited)",
					"@executable_path/Frameworks",
					"@loader_path/Frameworks",
				);
				MARKETING_VERSION = 1.0;
				PRODUCT_BUNDLE_IDENTIFIER = com.santosh.SSNetworking;
				PRODUCT_NAME = "$(TARGET_NAME:c99extidentifier)";
				SKIP_INSTALL = YES;
				SWIFT_EMIT_LOC_STRINGS = YES;
				SWIFT_VERSION = 5.0;
				TARGETED_DEVICE_FAMILY = "1,2";
			};
			name = Debug;
		};
		AA75B7BF28F049ED00F8EC99 /* Release */ = {
			isa = XCBuildConfiguration;
			buildSettings = {
				BUILD_LIBRARY_FOR_DISTRIBUTION = YES;
				CODE_SIGN_STYLE = Automatic;
				CURRENT_PROJECT_VERSION = 1;
				DEFINES_MODULE = YES;
				DEVELOPMENT_TEAM = 5QZWC6UK5D;
				DYLIB_COMPATIBILITY_VERSION = 1;
				DYLIB_CURRENT_VERSION = 1;
				DYLIB_INSTALL_NAME_BASE = "@rpath";
				GENERATE_INFOPLIST_FILE = YES;
				INFOPLIST_KEY_NSHumanReadableCopyright = "";
				INSTALL_PATH = "$(LOCAL_LIBRARY_DIR)/Frameworks";
				LD_RUNPATH_SEARCH_PATHS = (
					"$(inherited)",
					"@executable_path/Frameworks",
					"@loader_path/Frameworks",
				);
				MARKETING_VERSION = 1.0;
				PRODUCT_BUNDLE_IDENTIFIER = com.santosh.SSNetworking;
				PRODUCT_NAME = "$(TARGET_NAME:c99extidentifier)";
				SKIP_INSTALL = YES;
				SWIFT_EMIT_LOC_STRINGS = YES;
				SWIFT_VERSION = 5.0;
				TARGETED_DEVICE_FAMILY = "1,2";
			};
			name = Release;
		};
		AA75B7C128F049ED00F8EC99 /* Debug */ = {
			isa = XCBuildConfiguration;
			buildSettings = {
				ALWAYS_EMBED_SWIFT_STANDARD_LIBRARIES = YES;
				CODE_SIGN_STYLE = Automatic;
				CURRENT_PROJECT_VERSION = 1;
				DEVELOPMENT_TEAM = 5QZWC6UK5D;
				GENERATE_INFOPLIST_FILE = YES;
				MARKETING_VERSION = 1.0;
				PRODUCT_BUNDLE_IDENTIFIER = com.santosh.SSNetworkingTests;
				PRODUCT_NAME = "$(TARGET_NAME)";
				SWIFT_EMIT_LOC_STRINGS = NO;
				SWIFT_VERSION = 5.0;
				TARGETED_DEVICE_FAMILY = "1,2";
			};
			name = Debug;
		};
		AA75B7C228F049ED00F8EC99 /* Release */ = {
			isa = XCBuildConfiguration;
			buildSettings = {
				ALWAYS_EMBED_SWIFT_STANDARD_LIBRARIES = YES;
				CODE_SIGN_STYLE = Automatic;
				CURRENT_PROJECT_VERSION = 1;
				DEVELOPMENT_TEAM = 5QZWC6UK5D;
				GENERATE_INFOPLIST_FILE = YES;
				MARKETING_VERSION = 1.0;
				PRODUCT_BUNDLE_IDENTIFIER = com.santosh.SSNetworkingTests;
				PRODUCT_NAME = "$(TARGET_NAME)";
				SWIFT_EMIT_LOC_STRINGS = NO;
				SWIFT_VERSION = 5.0;
				TARGETED_DEVICE_FAMILY = "1,2";
			};
			name = Release;
		};
/* End XCBuildConfiguration section */

/* Begin XCConfigurationList section */
		AA75B7A328F049ED00F8EC99 /* Build configuration list for PBXProject "SSNetworking" */ = {
			isa = XCConfigurationList;
			buildConfigurations = (
				AA75B7BB28F049ED00F8EC99 /* Debug */,
				AA75B7BC28F049ED00F8EC99 /* Release */,
			);
			defaultConfigurationIsVisible = 0;
			defaultConfigurationName = Release;
		};
		AA75B7BD28F049ED00F8EC99 /* Build configuration list for PBXNativeTarget "SSNetworking" */ = {
			isa = XCConfigurationList;
			buildConfigurations = (
				AA75B7BE28F049ED00F8EC99 /* Debug */,
				AA75B7BF28F049ED00F8EC99 /* Release */,
			);
			defaultConfigurationIsVisible = 0;
			defaultConfigurationName = Release;
		};
		AA75B7C028F049ED00F8EC99 /* Build configuration list for PBXNativeTarget "SSNetworkingTests" */ = {
			isa = XCConfigurationList;
			buildConfigurations = (
				AA75B7C128F049ED00F8EC99 /* Debug */,
				AA75B7C228F049ED00F8EC99 /* Release */,
			);
			defaultConfigurationIsVisible = 0;
			defaultConfigurationName = Release;
		};
/* End XCConfigurationList section */
	};
	rootObject = AA75B7A028F049ED00F8EC99 /* Project object */;
}
